
Microsoft Visual Studio Solution File, Format Version 12.00
# Visual Studio 15
VisualStudioVersion = 15.0.28307.329
MinimumVisualStudioVersion = 10.0.40219.1
Project("{FAE04EC0-301F-11D3-BF4B-00C04F79EFBC}") = "DazyBanychMVC", "DazyBanychMVC\DazyBanychMVC.csproj", "{B72388F6-CA6D-4F4C-BA67-6C9227D0FF95}"
EndProject
Global
	GlobalSection(SolutionConfigurationPlatforms) = preSolution
		Debug|Any CPU = Debug|Any CPU
		Release|Any CPU = Release|Any CPU
	EndGlobalSection
	GlobalSection(ProjectConfigurationPlatforms) = postSolution
		{B72388F6-CA6D-4F4C-BA67-6C9227D0FF95}.Debug|Any CPU.ActiveCfg = Debug|Any CPU
		{B72388F6-CA6D-4F4C-BA67-6C9227D0FF95}.Debug|Any CPU.Build.0 = Debug|Any CPU
		{B72388F6-CA6D-4F4C-BA67-6C9227D0FF95}.Release|Any CPU.ActiveCfg = Release|Any CPU
		{B72388F6-CA6D-4F4C-BA67-6C9227D0FF95}.Release|Any CPU.Build.0 = Release|Any CPU
	EndGlobalSection
	GlobalSection(SolutionProperties) = preSolution
		HideSolutionNode = FALSE
	EndGlobalSection
	GlobalSection(ExtensibilityGlobals) = postSolution
		SolutionGuid = {288EAB4B-B494-4F0B-B293-69A912394FF7}
	EndGlobalSection
EndGlobal
